
Microsoft Visual Studio Solution File, Format Version 12.00
# Visual Studio Version 16
VisualStudioVersion = 16.0.31702.278
MinimumVisualStudioVersion = 10.0.40219.1
Project("{FAE04EC0-301F-11D3-BF4B-00C04F79EFBC}") = "BasicCalculator", "BasicCalculator\BasicCalculator.csproj", "{B6C0EAC4-DF92-482E-A0B0-913B5956E071}"
EndProject
Global
	GlobalSection(SolutionConfigurationPlatforms) = preSolution
		Debug|Any CPU = Debug|Any CPU
		Release|Any CPU = Release|Any CPU
	EndGlobalSection
	GlobalSection(ProjectConfigurationPlatforms) = postSolution
		{B6C0EAC4-DF92-482E-A0B0-913B5956E071}.Debug|Any CPU.ActiveCfg = Debug|Any CPU
		{B6C0EAC4-DF92-482E-A0B0-913B5956E071}.Debug|Any CPU.Build.0 = Debug|Any CPU
		{B6C0EAC4-DF92-482E-A0B0-913B5956E071}.Release|Any CPU.ActiveCfg = Release|Any CPU
		{B6C0EAC4-DF92-482E-A0B0-913B5956E071}.Release|Any CPU.Build.0 = Release|Any CPU
	EndGlobalSection
	GlobalSection(SolutionProperties) = preSolution
		HideSolutionNode = FALSE
	EndGlobalSection
	GlobalSection(ExtensibilityGlobals) = postSolution
		SolutionGuid = {9E3EA3E7-E79A-4099-B261-4345CE454831}
	EndGlobalSection
EndGlobal
